
Microsoft Visual Studio Solution File, Format Version 12.00
# Visual Studio Version 17
VisualStudioVersion = 17.0.32126.317
MinimumVisualStudioVersion = 10.0.40219.1
Project("{FAE04EC0-301F-11D3-BF4B-00C04F79EFBC}") = "WebApplication1", "WebApplication1.csproj", "{785607BD-B023-4655-A297-DDE71190E48B}"
EndProject
Global
	GlobalSection(SolutionConfigurationPlatforms) = preSolution
		Debug|Any CPU = Debug|Any CPU
		Release|Any CPU = Release|Any CPU
	EndGlobalSection
	GlobalSection(ProjectConfigurationPlatforms) = postSolution
		{785607BD-B023-4655-A297-DDE71190E48B}.Debug|Any CPU.ActiveCfg = Debug|Any CPU
		{785607BD-B023-4655-A297-DDE71190E48B}.Debug|Any CPU.Build.0 = Debug|Any CPU
		{785607BD-B023-4655-A297-DDE71190E48B}.Release|Any CPU.ActiveCfg = Release|Any CPU
		{785607BD-B023-4655-A297-DDE71190E48B}.Release|Any CPU.Build.0 = Release|Any CPU
	EndGlobalSection
	GlobalSection(SolutionProperties) = preSolution
		HideSolutionNode = FALSE
	EndGlobalSection
	GlobalSection(ExtensibilityGlobals) = postSolution
		SolutionGuid = {2204F532-E305-4DDB-8048-F9A5731A7636}
	EndGlobalSection
EndGlobal
